
Microsoft Visual Studio Solution File, Format Version 12.00
# Visual Studio Version 16
VisualStudioVersion = 16.0.29709.97
MinimumVisualStudioVersion = 10.0.40219.1
Project("{FAE04EC0-301F-11D3-BF4B-00C04F79EFBC}") = "Navigation.Android", "Navigation\Navigation.Android\Navigation.Android.csproj", "{247A6153-F966-4045-9F4E-92FFDC48E4C3}"
EndProject
Project("{FAE04EC0-301F-11D3-BF4B-00C04F79EFBC}") = "Navigation", "Navigation\Navigation\Navigation.csproj", "{55AB2B8D-5745-4484-A7D6-0C30010444DE}"
EndProject
Global
	GlobalSection(SolutionConfigurationPlatforms) = preSolution
		Debug|Any CPU = Debug|Any CPU
		Release|Any CPU = Release|Any CPU
	EndGlobalSection
	GlobalSection(ProjectConfigurationPlatforms) = postSolution
		{247A6153-F966-4045-9F4E-92FFDC48E4C3}.Debug|Any CPU.ActiveCfg = Debug|Any CPU
		{247A6153-F966-4045-9F4E-92FFDC48E4C3}.Debug|Any CPU.Build.0 = Debug|Any CPU
		{247A6153-F966-4045-9F4E-92FFDC48E4C3}.Debug|Any CPU.Deploy.0 = Debug|Any CPU
		{247A6153-F966-4045-9F4E-92FFDC48E4C3}.Release|Any CPU.ActiveCfg = Release|Any CPU
		{247A6153-F966-4045-9F4E-92FFDC48E4C3}.Release|Any CPU.Build.0 = Release|Any CPU
		{247A6153-F966-4045-9F4E-92FFDC48E4C3}.Release|Any CPU.Deploy.0 = Release|Any CPU
		{55AB2B8D-5745-4484-A7D6-0C30010444DE}.Debug|Any CPU.ActiveCfg = Debug|Any CPU
		{55AB2B8D-5745-4484-A7D6-0C30010444DE}.Debug|Any CPU.Build.0 = Debug|Any CPU
		{55AB2B8D-5745-4484-A7D6-0C30010444DE}.Debug|Any CPU.Deploy.0 = Debug|Any CPU
		{55AB2B8D-5745-4484-A7D6-0C30010444DE}.Release|Any CPU.ActiveCfg = Release|Any CPU
		{55AB2B8D-5745-4484-A7D6-0C30010444DE}.Release|Any CPU.Build.0 = Release|Any CPU
		{55AB2B8D-5745-4484-A7D6-0C30010444DE}.Release|Any CPU.Deploy.0 = Release|Any CPU
	EndGlobalSection
	GlobalSection(SolutionProperties) = preSolution
		HideSolutionNode = FALSE
	EndGlobalSection
	GlobalSection(ExtensibilityGlobals) = postSolution
		SolutionGuid = {9B2F1300-F963-4773-808D-BE4E1C66AFBB}
	EndGlobalSection
EndGlobal
