
Microsoft Visual Studio Solution File, Format Version 12.00
# Visual Studio Version 16
VisualStudioVersion = 16.0.29709.97
MinimumVisualStudioVersion = 10.0.40219.1
Project("{FAE04EC0-301F-11D3-BF4B-00C04F79EFBC}") = "Exercise1.Android", "Exercise1\Exercise1.Android\Exercise1.Android.csproj", "{6E94D502-D9F8-4A98-9D8E-8F2E39C23741}"
EndProject
Project("{FAE04EC0-301F-11D3-BF4B-00C04F79EFBC}") = "Exercise1.iOS", "Exercise1\Exercise1.iOS\Exercise1.iOS.csproj", "{94FEFF0A-BCBB-42B3-AE6A-33F00D7E77A6}"
EndProject
Project("{FAE04EC0-301F-11D3-BF4B-00C04F79EFBC}") = "Exercise1", "Exercise1\Exercise1\Exercise1.csproj", "{00FDFD61-AECA-47F1-ADEF-5B10C5CDF14B}"
EndProject
Global
	GlobalSection(SolutionConfigurationPlatforms) = preSolution
		Debug|Any CPU = Debug|Any CPU
		Debug|iPhone = Debug|iPhone
		Debug|iPhoneSimulator = Debug|iPhoneSimulator
		Release|Any CPU = Release|Any CPU
		Release|iPhone = Release|iPhone
		Release|iPhoneSimulator = Release|iPhoneSimulator
	EndGlobalSection
	GlobalSection(ProjectConfigurationPlatforms) = postSolution
		{6E94D502-D9F8-4A98-9D8E-8F2E39C23741}.Debug|Any CPU.ActiveCfg = Debug|Any CPU
		{6E94D502-D9F8-4A98-9D8E-8F2E39C23741}.Debug|Any CPU.Build.0 = Debug|Any CPU
		{6E94D502-D9F8-4A98-9D8E-8F2E39C23741}.Debug|Any CPU.Deploy.0 = Debug|Any CPU
		{6E94D502-D9F8-4A98-9D8E-8F2E39C23741}.Debug|iPhone.ActiveCfg = Debug|Any CPU
		{6E94D502-D9F8-4A98-9D8E-8F2E39C23741}.Debug|iPhone.Build.0 = Debug|Any CPU
		{6E94D502-D9F8-4A98-9D8E-8F2E39C23741}.Debug|iPhone.Deploy.0 = Debug|Any CPU
		{6E94D502-D9F8-4A98-9D8E-8F2E39C23741}.Debug|iPhoneSimulator.ActiveCfg = Debug|Any CPU
		{6E94D502-D9F8-4A98-9D8E-8F2E39C23741}.Debug|iPhoneSimulator.Build.0 = Debug|Any CPU
		{6E94D502-D9F8-4A98-9D8E-8F2E39C23741}.Debug|iPhoneSimulator.Deploy.0 = Debug|Any CPU
		{6E94D502-D9F8-4A98-9D8E-8F2E39C23741}.Release|Any CPU.ActiveCfg = Release|Any CPU
		{6E94D502-D9F8-4A98-9D8E-8F2E39C23741}.Release|Any CPU.Build.0 = Release|Any CPU
		{6E94D502-D9F8-4A98-9D8E-8F2E39C23741}.Release|Any CPU.Deploy.0 = Release|Any CPU
		{6E94D502-D9F8-4A98-9D8E-8F2E39C23741}.Release|iPhone.ActiveCfg = Release|Any CPU
		{6E94D502-D9F8-4A98-9D8E-8F2E39C23741}.Release|iPhone.Build.0 = Release|Any CPU
		{6E94D502-D9F8-4A98-9D8E-8F2E39C23741}.Release|iPhone.Deploy.0 = Release|Any CPU
		{6E94D502-D9F8-4A98-9D8E-8F2E39C23741}.Release|iPhoneSimulator.ActiveCfg = Release|Any CPU
		{6E94D502-D9F8-4A98-9D8E-8F2E39C23741}.Release|iPhoneSimulator.Build.0 = Release|Any CPU
		{6E94D502-D9F8-4A98-9D8E-8F2E39C23741}.Release|iPhoneSimulator.Deploy.0 = Release|Any CPU
		{94FEFF0A-BCBB-42B3-AE6A-33F00D7E77A6}.Debug|Any CPU.ActiveCfg = Debug|iPhoneSimulator
		{94FEFF0A-BCBB-42B3-AE6A-33F00D7E77A6}.Debug|Any CPU.Build.0 = Debug|iPhoneSimulator
		{94FEFF0A-BCBB-42B3-AE6A-33F00D7E77A6}.Debug|Any CPU.Deploy.0 = Debug|iPhoneSimulator
		{94FEFF0A-BCBB-42B3-AE6A-33F00D7E77A6}.Debug|iPhone.ActiveCfg = Debug|iPhone
		{94FEFF0A-BCBB-42B3-AE6A-33F00D7E77A6}.Debug|iPhone.Build.0 = Debug|iPhone
		{94FEFF0A-BCBB-42B3-AE6A-33F00D7E77A6}.Debug|iPhone.Deploy.0 = Debug|iPhone
		{94FEFF0A-BCBB-42B3-AE6A-33F00D7E77A6}.Debug|iPhoneSimulator.ActiveCfg = Debug|iPhoneSimulator
		{94FEFF0A-BCBB-42B3-AE6A-33F00D7E77A6}.Debug|iPhoneSimulator.Build.0 = Debug|iPhoneSimulator
		{94FEFF0A-BCBB-42B3-AE6A-33F00D7E77A6}.Debug|iPhoneSimulator.Deploy.0 = Debug|iPhoneSimulator
		{94FEFF0A-BCBB-42B3-AE6A-33F00D7E77A6}.Release|Any CPU.ActiveCfg = Release|iPhone
		{94FEFF0A-BCBB-42B3-AE6A-33F00D7E77A6}.Release|Any CPU.Build.0 = Release|iPhone
		{94FEFF0A-BCBB-42B3-AE6A-33F00D7E77A6}.Release|Any CPU.Deploy.0 = Release|iPhone
		{94FEFF0A-BCBB-42B3-AE6A-33F00D7E77A6}.Release|iPhone.ActiveCfg = Release|iPhone
		{94FEFF0A-BCBB-42B3-AE6A-33F00D7E77A6}.Release|iPhone.Build.0 = Release|iPhone
		{94FEFF0A-BCBB-42B3-AE6A-33F00D7E77A6}.Release|iPhone.Deploy.0 = Release|iPhone
		{94FEFF0A-BCBB-42B3-AE6A-33F00D7E77A6}.Release|iPhoneSimulator.ActiveCfg = Release|iPhoneSimulator
		{94FEFF0A-BCBB-42B3-AE6A-33F00D7E77A6}.Release|iPhoneSimulator.Build.0 = Release|iPhoneSimulator
		{94FEFF0A-BCBB-42B3-AE6A-33F00D7E77A6}.Release|iPhoneSimulator.Deploy.0 = Release|iPhoneSimulator
		{00FDFD61-AECA-47F1-ADEF-5B10C5CDF14B}.Debug|Any CPU.ActiveCfg = Debug|Any CPU
		{00FDFD61-AECA-47F1-ADEF-5B10C5CDF14B}.Debug|Any CPU.Build.0 = Debug|Any CPU
		{00FDFD61-AECA-47F1-ADEF-5B10C5CDF14B}.Debug|Any CPU.Deploy.0 = Debug|Any CPU
		{00FDFD61-AECA-47F1-ADEF-5B10C5CDF14B}.Debug|iPhone.ActiveCfg = Debug|Any CPU
		{00FDFD61-AECA-47F1-ADEF-5B10C5CDF14B}.Debug|iPhone.Build.0 = Debug|Any CPU
		{00FDFD61-AECA-47F1-ADEF-5B10C5CDF14B}.Debug|iPhone.Deploy.0 = Debug|Any CPU
		{00FDFD61-AECA-47F1-ADEF-5B10C5CDF14B}.Debug|iPhoneSimulator.ActiveCfg = Debug|Any CPU
		{00FDFD61-AECA-47F1-ADEF-5B10C5CDF14B}.Debug|iPhoneSimulator.Build.0 = Debug|Any CPU
		{00FDFD61-AECA-47F1-ADEF-5B10C5CDF14B}.Debug|iPhoneSimulator.Deploy.0 = Debug|Any CPU
		{00FDFD61-AECA-47F1-ADEF-5B10C5CDF14B}.Release|Any CPU.ActiveCfg = Release|Any CPU
		{00FDFD61-AECA-47F1-ADEF-5B10C5CDF14B}.Release|Any CPU.Build.0 = Release|Any CPU
		{00FDFD61-AECA-47F1-ADEF-5B10C5CDF14B}.Release|Any CPU.Deploy.0 = Release|Any CPU
		{00FDFD61-AECA-47F1-ADEF-5B10C5CDF14B}.Release|iPhone.ActiveCfg = Release|Any CPU
		{00FDFD61-AECA-47F1-ADEF-5B10C5CDF14B}.Release|iPhone.Build.0 = Release|Any CPU
		{00FDFD61-AECA-47F1-ADEF-5B10C5CDF14B}.Release|iPhone.Deploy.0 = Release|Any CPU
		{00FDFD61-AECA-47F1-ADEF-5B10C5CDF14B}.Release|iPhoneSimulator.ActiveCfg = Release|Any CPU
		{00FDFD61-AECA-47F1-ADEF-5B10C5CDF14B}.Release|iPhoneSimulator.Build.0 = Release|Any CPU
		{00FDFD61-AECA-47F1-ADEF-5B10C5CDF14B}.Release|iPhoneSimulator.Deploy.0 = Release|Any CPU
	EndGlobalSection
	GlobalSection(SolutionProperties) = preSolution
		HideSolutionNode = FALSE
	EndGlobalSection
	GlobalSection(ExtensibilityGlobals) = postSolution
		SolutionGuid = {16090DA1-5F9D-46A1-BB33-EF646EE2C58C}
	EndGlobalSection
EndGlobal
